// !$*UTF8*$!
{
	archiveVersion = 1;
	classes = {
	};
	objectVersion = 46;
	objects = {

/* Begin PBXBuildFile section */
		0FDB28421F7101D7007BE179 /* potion.swift in Sources */ = {isa = PBXBuildFile; fileRef = 0FDB28411F7101D7007BE179 /* potion.swift */; };
		0FE6A1B11F699EC700DE7589 /* main.swift in Sources */ = {isa = PBXBuildFile; fileRef = 0FE6A1B01F699EC700DE7589 /* main.swift */; };
		0FE6A1B81F699F1300DE7589 /* game.swift in Sources */ = {isa = PBXBuildFile; fileRef = 0FE6A1B71F699F1300DE7589 /* game.swift */; };
		0FFBB8D01F6C580200A60E6D /* gamecharacters.swift in Sources */ = {isa = PBXBuildFile; fileRef = 0FFBB8CF1F6C580200A60E6D /* gamecharacters.swift */; };
		0FFBB8D21F6C583600A60E6D /* gameplayers.swift in Sources */ = {isa = PBXBuildFile; fileRef = 0FFBB8D11F6C583600A60E6D /* gameplayers.swift */; };
		0FFBB8D41F6C589F00A60E6D /* colossus.swift in Sources */ = {isa = PBXBuildFile; fileRef = 0FFBB8D31F6C589F00A60E6D /* colossus.swift */; };
		0FFBB8D61F6C58CD00A60E6D /* weapon.swift in Sources */ = {isa = PBXBuildFile; fileRef = 0FFBB8D51F6C58CD00A60E6D /* weapon.swift */; };
		0FFBB8D81F6C58FE00A60E6D /* midget.swift in Sources */ = {isa = PBXBuildFile; fileRef = 0FFBB8D71F6C58FE00A60E6D /* midget.swift */; };
		0FFBB8DA1F6C592000A60E6D /* magician.swift in Sources */ = {isa = PBXBuildFile; fileRef = 0FFBB8D91F6C592000A60E6D /* magician.swift */; };
		0FFBB8DC1F6C594800A60E6D /* warrior.swift in Sources */ = {isa = PBXBuildFile; fileRef = 0FFBB8DB1F6C594800A60E6D /* warrior.swift */; };
/* End PBXBuildFile section */

/* Begin PBXCopyFilesBuildPhase section */
		0FE6A1AB1F699EC700DE7589 /* CopyFiles */ = {
			isa = PBXCopyFilesBuildPhase;
			buildActionMask = 2147483647;
			dstPath = /usr/share/man/man1/;
			dstSubfolderSpec = 0;
			files = (
			);
			runOnlyForDeploymentPostprocessing = 1;
		};
/* End PBXCopyFilesBuildPhase section */

/* Begin PBXFileReference section */
		0FDB28411F7101D7007BE179 /* potion.swift */ = {isa = PBXFileReference; fileEncoding = 4; lastKnownFileType = sourcecode.swift; path = potion.swift; sourceTree = "<group>"; };
		0FE6A1AD1F699EC700DE7589 /* projet 3 */ = {isa = PBXFileReference; explicitFileType = "compiled.mach-o.executable"; includeInIndex = 0; path = "projet 3"; sourceTree = BUILT_PRODUCTS_DIR; };
		0FE6A1B01F699EC700DE7589 /* main.swift */ = {isa = PBXFileReference; lastKnownFileType = sourcecode.swift; path = main.swift; sourceTree = "<group>"; };
		0FE6A1B71F699F1300DE7589 /* game.swift */ = {isa = PBXFileReference; fileEncoding = 4; lastKnownFileType = sourcecode.swift; path = game.swift; sourceTree = "<group>"; };
		0FFBB8CF1F6C580200A60E6D /* gamecharacters.swift */ = {isa = PBXFileReference; fileEncoding = 4; lastKnownFileType = sourcecode.swift; path = gamecharacters.swift; sourceTree = "<group>"; };
		0FFBB8D11F6C583600A60E6D /* gameplayers.swift */ = {isa = PBXFileReference; fileEncoding = 4; lastKnownFileType = sourcecode.swift; path = gameplayers.swift; sourceTree = "<group>"; };
		0FFBB8D31F6C589F00A60E6D /* colossus.swift */ = {isa = PBXFileReference; fileEncoding = 4; lastKnownFileType = sourcecode.swift; path = colossus.swift; sourceTree = "<group>"; };
		0FFBB8D51F6C58CD00A60E6D /* weapon.swift */ = {isa = PBXFileReference; fileEncoding = 4; lastKnownFileType = sourcecode.swift; path = weapon.swift; sourceTree = "<group>"; };
		0FFBB8D71F6C58FE00A60E6D /* midget.swift */ = {isa = PBXFileReference; fileEncoding = 4; lastKnownFileType = sourcecode.swift; path = midget.swift; sourceTree = "<group>"; };
		0FFBB8D91F6C592000A60E6D /* magician.swift */ = {isa = PBXFileReference; fileEncoding = 4; lastKnownFileType = sourcecode.swift; path = magician.swift; sourceTree = "<group>"; };
		0FFBB8DB1F6C594800A60E6D /* warrior.swift */ = {isa = PBXFileReference; fileEncoding = 4; lastKnownFileType = sourcecode.swift; path = warrior.swift; sourceTree = "<group>"; };
/* End PBXFileReference section */

/* Begin PBXFrameworksBuildPhase section */
		0FE6A1AA1F699EC700DE7589 /* Frameworks */ = {
			isa = PBXFrameworksBuildPhase;
			buildActionMask = 2147483647;
			files = (
			);
			runOnlyForDeploymentPostprocessing = 0;
		};
/* End PBXFrameworksBuildPhase section */

/* Begin PBXGroup section */
		0FB4EF091FBDE1D20024F5C0 /* Weapons */ = {
			isa = PBXGroup;
			children = (
				0FFBB8D51F6C58CD00A60E6D /* weapon.swift */,
				0FDB28411F7101D7007BE179 /* potion.swift */,
			);
			path = Weapons;
			sourceTree = "<group>";
		};
		0FB4EF0A1FBDE2100024F5C0 /* gamecharacters */ = {
			isa = PBXGroup;
			children = (
				0FFBB8D31F6C589F00A60E6D /* colossus.swift */,
				0FFBB8D71F6C58FE00A60E6D /* midget.swift */,
				0FFBB8DB1F6C594800A60E6D /* warrior.swift */,
				0FFBB8D91F6C592000A60E6D /* magician.swift */,
			);
			path = gamecharacters;
			sourceTree = "<group>";
		};
		0FE6A1A41F699EC700DE7589 = {
			isa = PBXGroup;
			children = (
				0FE6A1AF1F699EC700DE7589 /* projet 3 */,
				0FE6A1AE1F699EC700DE7589 /* Products */,
			);
			sourceTree = "<group>";
		};
		0FE6A1AE1F699EC700DE7589 /* Products */ = {
			isa = PBXGroup;
			children = (
				0FE6A1AD1F699EC700DE7589 /* projet 3 */,
			);
			name = Products;
			sourceTree = "<group>";
		};
		0FE6A1AF1F699EC700DE7589 /* projet 3 */ = {
			isa = PBXGroup;
			children = (
				0FE6A1B01F699EC700DE7589 /* main.swift */,
				0FE6A1B71F699F1300DE7589 /* game.swift */,
				0FFBB8CF1F6C580200A60E6D /* gamecharacters.swift */,
				0FFBB8D11F6C583600A60E6D /* gameplayers.swift */,
				0FB4EF091FBDE1D20024F5C0 /* Weapons */,
				0FB4EF0A1FBDE2100024F5C0 /* gamecharacters */,
			);
			path = "projet 3";
			sourceTree = "<group>";
		};
/* End PBXGroup section */

/* Begin PBXNativeTarget section */
		0FE6A1AC1F699EC700DE7589 /* projet 3 */ = {
			isa = PBXNativeTarget;
			buildConfigurationList = 0FE6A1B41F699EC700DE7589 /* Build configuration list for PBXNativeTarget "projet 3" */;
			buildPhases = (
				0FE6A1A91F699EC700DE7589 /* Sources */,
				0FE6A1AA1F699EC700DE7589 /* Frameworks */,
				0FE6A1AB1F699EC700DE7589 /* CopyFiles */,
			);
			buildRules = (
			);
			dependencies = (
			);
			name = "projet 3";
			productName = "projet 3";
			productReference = 0FE6A1AD1F699EC700DE7589 /* projet 3 */;
			productType = "com.apple.product-type.tool";
		};
/* End PBXNativeTarget section */

/* Begin PBXProject section */
		0FE6A1A51F699EC700DE7589 /* Project object */ = {
			isa = PBXProject;
			attributes = {
				LastSwiftUpdateCheck = 0830;
				LastUpgradeCheck = 0900;
				ORGANIZATIONNAME = "sofiane bahri";
				TargetAttributes = {
					0FE6A1AC1F699EC700DE7589 = {
						CreatedOnToolsVersion = 8.3.3;
						LastSwiftMigration = 0900;
						ProvisioningStyle = Automatic;
					};
				};
			};
			buildConfigurationList = 0FE6A1A81F699EC700DE7589 /* Build configuration list for PBXProject "projet 3" */;
			compatibilityVersion = "Xcode 3.2";
			developmentRegion = English;
			hasScannedForEncodings = 0;
			knownRegions = (
				en,
			);
			mainGroup = 0FE6A1A41F699EC700DE7589;
			productRefGroup = 0FE6A1AE1F699EC700DE7589 /* Products */;
			projectDirPath = "";
			projectRoot = "";
			targets = (
				0FE6A1AC1F699EC700DE7589 /* projet 3 */,
			);
		};
/* End PBXProject section */

/* Begin PBXSourcesBuildPhase section */
		0FE6A1A91F699EC700DE7589 /* Sources */ = {
			isa = PBXSourcesBuildPhase;
			buildActionMask = 2147483647;
			files = (
				0FFBB8D41F6C589F00A60E6D /* colossus.swift in Sources */,
				0FE6A1B11F699EC700DE7589 /* main.swift in Sources */,
				0FFBB8DA1F6C592000A60E6D /* magician.swift in Sources */,
				0FFBB8D01F6C580200A60E6D /* gamecharacters.swift in Sources */,
				0FDB28421F7101D7007BE179 /* potion.swift in Sources */,
				0FFBB8D81F6C58FE00A60E6D /* midget.swift in Sources */,
				0FFBB8D61F6C58CD00A60E6D /* weapon.swift in Sources */,
				0FFBB8D21F6C583600A60E6D /* gameplayers.swift in Sources */,
				0FE6A1B81F699F1300DE7589 /* game.swift in Sources */,
				0FFBB8DC1F6C594800A60E6D /* warrior.swift in Sources */,
			);
			runOnlyForDeploymentPostprocessing = 0;
		};
/* End PBXSourcesBuildPhase section */

/* Begin XCBuildConfiguration section */
		0FE6A1B21F699EC700DE7589 /* Debug */ = {
			isa = XCBuildConfiguration;
			buildSettings = {
				ALWAYS_SEARCH_USER_PATHS = NO;
				CLANG_ANALYZER_NONNULL = YES;
				CLANG_ANALYZER_NUMBER_OBJECT_CONVERSION = YES_AGGRESSIVE;
				CLANG_CXX_LANGUAGE_STANDARD = "gnu++0x";
				CLANG_CXX_LIBRARY = "libc++";
				CLANG_ENABLE_MODULES = YES;
				CLANG_ENABLE_OBJC_ARC = YES;
				CLANG_WARN_BLOCK_CAPTURE_AUTORELEASING = YES;
				CLANG_WARN_BOOL_CONVERSION = YES;
				CLANG_WARN_COMMA = YES;
				CLANG_WARN_CONSTANT_CONVERSION = YES;
				CLANG_WARN_DIRECT_OBJC_ISA_USAGE = YES_ERROR;
				CLANG_WARN_DOCUMENTATION_COMMENTS = YES;
				CLANG_WARN_EMPTY_BODY = YES;
				CLANG_WARN_ENUM_CONVERSION = YES;
				CLANG_WARN_INFINITE_RECURSION = YES;
				CLANG_WARN_INT_CONVERSION = YES;
				CLANG_WARN_NON_LITERAL_NULL_CONVERSION = YES;
				CLANG_WARN_OBJC_LITERAL_CONVERSION = YES;
				CLANG_WARN_OBJC_ROOT_CLASS = YES_ERROR;
				CLANG_WARN_RANGE_LOOP_ANALYSIS = YES;
				CLANG_WARN_STRICT_PROTOTYPES = YES;
				CLANG_WARN_SUSPICIOUS_MOVE = YES;
				CLANG_WARN_UNREACHABLE_CODE = YES;
				CLANG_WARN__DUPLICATE_METHOD_MATCH = YES;
				CODE_SIGN_IDENTITY = "-";
				COPY_PHASE_STRIP = NO;
				DEBUG_INFORMATION_FORMAT = dwarf;
				ENABLE_STRICT_OBJC_MSGSEND = YES;
				ENABLE_TESTABILITY = YES;
				GCC_C_LANGUAGE_STANDARD = gnu99;
				GCC_DYNAMIC_NO_PIC = NO;
				GCC_NO_COMMON_BLOCKS = YES;
				GCC_OPTIMIZATION_LEVEL = 0;
				GCC_PREPROCESSOR_DEFINITIONS = (
					"DEBUG=1",
					"$(inherited)",
				);
				GCC_WARN_64_TO_32_BIT_CONVERSION = YES;
				GCC_WARN_ABOUT_RETURN_TYPE = YES_ERROR;
				GCC_WARN_UNDECLARED_SELECTOR = YES;
				GCC_WARN_UNINITIALIZED_AUTOS = YES_AGGRESSIVE;
				GCC_WARN_UNUSED_FUNCTION = YES;
				GCC_WARN_UNUSED_VARIABLE = YES;
				MACOSX_DEPLOYMENT_TARGET = 10.12;
				MTL_ENABLE_DEBUG_INFO = YES;
				ONLY_ACTIVE_ARCH = YES;
				SDKROOT = macosx;
				SWIFT_OPTIMIZATION_LEVEL = "-Onone";
			};
			name = Debug;
		};
		0FE6A1B31F699EC700DE7589 /* Release */ = {
			isa = XCBuildConfiguration;
			buildSettings = {
				ALWAYS_SEARCH_USER_PATHS = NO;
				CLANG_ANALYZER_NONNULL = YES;
				CLANG_ANALYZER_NUMBER_OBJECT_CONVERSION = YES_AGGRESSIVE;
				CLANG_CXX_LANGUAGE_STANDARD = "gnu++0x";
				CLANG_CXX_LIBRARY = "libc++";
				CLANG_ENABLE_MODULES = YES;
				CLANG_ENABLE_OBJC_ARC = YES;
				CLANG_WARN_BLOCK_CAPTURE_AUTORELEASING = YES;
				CLANG_WARN_BOOL_CONVERSION = YES;
				CLANG_WARN_COMMA = YES;
				CLANG_WARN_CONSTANT_CONVERSION = YES;
				CLANG_WARN_DIRECT_OBJC_ISA_USAGE = YES_ERROR;
				CLANG_WARN_DOCUMENTATION_COMMENTS = YES;
				CLANG_WARN_EMPTY_BODY = YES;
				CLANG_WARN_ENUM_CONVERSION = YES;
				CLANG_WARN_INFINITE_RECURSION = YES;
				CLANG_WARN_INT_CONVERSION = YES;
				CLANG_WARN_NON_LITERAL_NULL_CONVERSION = YES;
				CLANG_WARN_OBJC_LITERAL_CONVERSION = YES;
				CLANG_WARN_OBJC_ROOT_CLASS = YES_ERROR;
				CLANG_WARN_RANGE_LOOP_ANALYSIS = YES;
				CLANG_WARN_STRICT_PROTOTYPES = YES;
				CLANG_WARN_SUSPICIOUS_MOVE = YES;
				CLANG_WARN_UNREACHABLE_CODE = YES;
				CLANG_WARN__DUPLICATE_METHOD_MATCH = YES;
				CODE_SIGN_IDENTITY = "-";
				COPY_PHASE_STRIP = NO;
				DEBUG_INFORMATION_FORMAT = "dwarf-with-dsym";
				ENABLE_NS_ASSERTIONS = NO;
				ENABLE_STRICT_OBJC_MSGSEND = YES;
				GCC_C_LANGUAGE_STANDARD = gnu99;
				GCC_NO_COMMON_BLOCKS = YES;
				GCC_WARN_64_TO_32_BIT_CONVERSION = YES;
				GCC_WARN_ABOUT_RETURN_TYPE = YES_ERROR;
				GCC_WARN_UNDECLARED_SELECTOR = YES;
				GCC_WARN_UNINITIALIZED_AUTOS = YES_AGGRESSIVE;
				GCC_WARN_UNUSED_FUNCTION = YES;
				GCC_WARN_UNUSED_VARIABLE = YES;
				MACOSX_DEPLOYMENT_TARGET = 10.12;
				MTL_ENABLE_DEBUG_INFO = NO;
				SDKROOT = macosx;
				SWIFT_OPTIMIZATION_LEVEL = "-Owholemodule";
			};
			name = Release;
		};
		0FE6A1B51F699EC700DE7589 /* Debug */ = {
			isa = XCBuildConfiguration;
			buildSettings = {
				PRODUCT_NAME = "$(TARGET_NAME)";
				SWIFT_SWIFT3_OBJC_INFERENCE = Default;
				SWIFT_VERSION = 4.0;
			};
			name = Debug;
		};
		0FE6A1B61F699EC700DE7589 /* Release */ = {
			isa = XCBuildConfiguration;
			buildSettings = {
				PRODUCT_NAME = "$(TARGET_NAME)";
				SWIFT_SWIFT3_OBJC_INFERENCE = Default;
				SWIFT_VERSION = 4.0;
			};
			name = Release;
		};
/* End XCBuildConfiguration section */

/* Begin XCConfigurationList section */
		0FE6A1A81F699EC700DE7589 /* Build configuration list for PBXProject "projet 3" */ = {
			isa = XCConfigurationList;
			buildConfigurations = (
				0FE6A1B21F699EC700DE7589 /* Debug */,
				0FE6A1B31F699EC700DE7589 /* Release */,
			);
			defaultConfigurationIsVisible = 0;
			defaultConfigurationName = Release;
		};
		0FE6A1B41F699EC700DE7589 /* Build configuration list for PBXNativeTarget "projet 3" */ = {
			isa = XCConfigurationList;
			buildConfigurations = (
				0FE6A1B51F699EC700DE7589 /* Debug */,
				0FE6A1B61F699EC700DE7589 /* Release */,
			);
			defaultConfigurationIsVisible = 0;
			defaultConfigurationName = Release;
		};
/* End XCConfigurationList section */
	};
	rootObject = 0FE6A1A51F699EC700DE7589 /* Project object */;
}
